# THIS IS AN AUTOGENERATED FILE. DO NOT EDIT THIS FILE DIRECTLY.
# yarn lockfile v1


daggy@^0.0.1:
  version "0.0.1"
  resolved "https://registry.yarnpkg.com/daggy/-/daggy-0.0.1.tgz#ae9c932c9f7136e655a04afb21e8baadfd0d3707"

futurize@^1.0.2:
  version "1.0.2"
  resolved "https://registry.yarnpkg.com/futurize/-/futurize-1.0.2.tgz#7cce73efa3eae3a5ce27a3fce69889d478e9ce38"
